<?xml version="1.0" encoding="utf-8"?>
<Project ToolsVersion="4.0" xmlns="http://schemas.microsoft.com/developer/msbuild/2003">
  <ItemGroup>
    <Filter Include="Source Files">
      <Extensions>cpp;c;cc;cxx;def;odl;idl;hpj;bat;asm;asmx;*</Extensions>
      <UniqueIdentifier>{345E1EBE-9872-4115-B074-122DEC9C71C5}</UniqueIdentifier>
    </Filter>
    <Filter Include="Header Files">
      <Extensions>h;hpp;hxx;hm;inl;inc;xsd</Extensions>
      <UniqueIdentifier>{E97547F8-B401-4B1F-A142-ABC3B98E3BDA}</UniqueIdentifier>
    </Filter>
    <Filter Include="Resource Files">
      <Extensions>rc;ico;cur;bmp;dlg;rc2;rct;bin;rgs;gif;jpg;jpeg;jpe;resx;tiff;tif;png;wav;mfcribbon-ms;man;xml</Extensions>
      <UniqueIdentifier>{389173E7-E207-4AA3-A587-7CEBA5DEE71D}</UniqueIdentifier>
    </Filter>
    <Filter Include="Driver Files">
      <Extensions>inf;inv;inx;mof;mc;</Extensions>
      <UniqueIdentifier>{B5F6601D-B926-4DDF-9D1D-C5A5AB8FD468}</UniqueIdentifier>
    </Filter>
  </ItemGroup>
  <ItemGroup>
    <ClCompile Include="ClassifyFunctions_AdvancedPacketInjectionCallouts.cpp; ClassifyFunctions_BasicActionCallouts.cpp; ClassifyFunctions_BasicPacketExaminationCallouts.cpp; ClassifyFunctions_BasicPacketInjectionCallouts.cpp; ClassifyFunctions_BasicPacketModificationCallouts.cpp; ClassifyFunctions_BasicStreamInjectionCallouts.cpp; ClassifyFunctions_FastPacketInjectionCallouts.cpp; ClassifyFunctions_FastStreamInjectionCallouts.cpp; ClassifyFunctions_FlowAssociationCallouts.cpp; ClassifyFunctions_PendAuthorizationCallouts.cpp; ClassifyFunctions_PendEndpointClosureCallouts.cpp; ClassifyFunctions_ProxyCallouts.cpp; CompletionFunctions_AdvancedPacketInjectionCallouts.cpp; CompletionFunctions_BasicPacketInjectionCallouts.cpp; CompletionFunctions_BasicPacketModificationCallouts.cpp; CompletionFunctions_BasicStreamInjectionCallouts.cpp; CompletionFunctions_FastPacketInjectionCallouts.cpp; CompletionFunctions_FastStreamInjectionCallouts.cpp; CompletionFunctions_PendAuthorizationCallouts.cpp; CompletionFunctions_ProxyCallouts.cpp; Framework_WFPSamplerCalloutDriver.cpp; Framework_Events.cpp; Framework_PowerStates.cpp; HelperFunctions_ExposedCallouts.cpp; NotifyFunctions_AdvancedCallouts.cpp; NotifyFunctions_BasicCallouts.cpp; NotifyFunctions_FastCallouts.cpp; NotifyFunctions_FlowDelete.cpp; NotifyFunctions_PendCallouts.cpp; NotifyFunctions_ProxyCallouts.cpp; SubscriptionFunctions_BFEState.cpp">
      <Filter>Source Files</Filter>
    </ClCompile>
    <ClCompile Include="ClassifyFunctions_AdvancedPacketInjectionCallouts.cpp; ClassifyFunctions_BasicActionCallouts.cpp; ClassifyFunctions_BasicPacketExaminationCallouts.cpp; ClassifyFunctions_BasicPacketInjectionCallouts.cpp; ClassifyFunctions_BasicPacketModificationCallouts.cpp; ClassifyFunctions_BasicStreamInjectionCallouts.cpp; ClassifyFunctions_FastPacketInjectionCallouts.cpp; ClassifyFunctions_FastStreamInjectionCallouts.cpp; ClassifyFunctions_FlowAssociationCallouts.cpp; ClassifyFunctions_PendAuthorizationCallouts.cpp; ClassifyFunctions_PendEndpointClosureCallouts.cpp; ClassifyFunctions_ProxyCallouts.cpp; CompletionFunctions_AdvancedPacketInjectionCallouts.cpp; CompletionFunctions_BasicPacketInjectionCallouts.cpp; CompletionFunctions_BasicPacketModificationCallouts.cpp; CompletionFunctions_BasicStreamInjectionCallouts.cpp; CompletionFunctions_FastPacketInjectionCallouts.cpp; CompletionFunctions_FastStreamInjectionCallouts.cpp; CompletionFunctions_PendAuthorizationCallouts.cpp; CompletionFunctions_ProxyCallouts.cpp; Framework_WFPSamplerCalloutDriver.cpp; Framework_Events.cpp; Framework_PowerStates.cpp; HelperFunctions_ExposedCallouts.cpp; NotifyFunctions_AdvancedCallouts.cpp; NotifyFunctions_BasicCallouts.cpp; NotifyFunctions_FastCallouts.cpp; NotifyFunctions_FlowDelete.cpp; NotifyFunctions_PendCallouts.cpp; NotifyFunctions_ProxyCallouts.cpp; SubscriptionFunctions_BFEState.cpp">
      <Filter>Source Files</Filter>
    </ClCompile>
    <ClCompile Include="ClassifyFunctions_AdvancedPacketInjectionCallouts.cpp; ClassifyFunctions_BasicActionCallouts.cpp; ClassifyFunctions_BasicPacketExaminationCallouts.cpp; ClassifyFunctions_BasicPacketInjectionCallouts.cpp; ClassifyFunctions_BasicPacketModificationCallouts.cpp; ClassifyFunctions_BasicStreamInjectionCallouts.cpp; ClassifyFunctions_FastPacketInjectionCallouts.cpp; ClassifyFunctions_FastStreamInjectionCallouts.cpp; ClassifyFunctions_FlowAssociationCallouts.cpp; ClassifyFunctions_PendAuthorizationCallouts.cpp; ClassifyFunctions_PendEndpointClosureCallouts.cpp; ClassifyFunctions_ProxyCallouts.cpp; CompletionFunctions_AdvancedPacketInjectionCallouts.cpp; CompletionFunctions_BasicPacketInjectionCallouts.cpp; CompletionFunctions_BasicPacketModificationCallouts.cpp; CompletionFunctions_BasicStreamInjectionCallouts.cpp; CompletionFunctions_FastPacketInjectionCallouts.cpp; CompletionFunctions_FastStreamInjectionCallouts.cpp; CompletionFunctions_PendAuthorizationCallouts.cpp; CompletionFunctions_ProxyCallouts.cpp; Framework_WFPSamplerCalloutDriver.cpp; Framework_Events.cpp; Framework_PowerStates.cpp; HelperFunctions_ExposedCallouts.cpp; NotifyFunctions_AdvancedCallouts.cpp; NotifyFunctions_BasicCallouts.cpp; NotifyFunctions_FastCallouts.cpp; NotifyFunctions_FlowDelete.cpp; NotifyFunctions_PendCallouts.cpp; NotifyFunctions_ProxyCallouts.cpp; SubscriptionFunctions_BFEState.cpp">
      <Filter>Source Files</Filter>
    </ClCompile>
    <ClCompile Include="ClassifyFunctions_AdvancedPacketInjectionCallouts.cpp; ClassifyFunctions_BasicActionCallouts.cpp; ClassifyFunctions_BasicPacketExaminationCallouts.cpp; ClassifyFunctions_BasicPacketInjectionCallouts.cpp; ClassifyFunctions_BasicPacketModificationCallouts.cpp; ClassifyFunctions_BasicStreamInjectionCallouts.cpp; ClassifyFunctions_FastPacketInjectionCallouts.cpp; ClassifyFunctions_FastStreamInjectionCallouts.cpp; ClassifyFunctions_FlowAssociationCallouts.cpp; ClassifyFunctions_PendAuthorizationCallouts.cpp; ClassifyFunctions_PendEndpointClosureCallouts.cpp; ClassifyFunctions_ProxyCallouts.cpp; CompletionFunctions_AdvancedPacketInjectionCallouts.cpp; CompletionFunctions_BasicPacketInjectionCallouts.cpp; CompletionFunctions_BasicPacketModificationCallouts.cpp; CompletionFunctions_BasicStreamInjectionCallouts.cpp; CompletionFunctions_FastPacketInjectionCallouts.cpp; CompletionFunctions_FastStreamInjectionCallouts.cpp; CompletionFunctions_PendAuthorizationCallouts.cpp; CompletionFunctions_ProxyCallouts.cpp; Framework_WFPSamplerCalloutDriver.cpp; Framework_Events.cpp; Framework_PowerStates.cpp; HelperFunctions_ExposedCallouts.cpp; NotifyFunctions_AdvancedCallouts.cpp; NotifyFunctions_BasicCallouts.cpp; NotifyFunctions_FastCallouts.cpp; NotifyFunctions_FlowDelete.cpp; NotifyFunctions_PendCallouts.cpp; NotifyFunctions_ProxyCallouts.cpp; SubscriptionFunctions_BFEState.cpp">
      <Filter>Source Files</Filter>
    </ClCompile>
    <ClCompile Include="ClassifyFunctions_AdvancedPacketInjectionCallouts.cpp; ClassifyFunctions_BasicActionCallouts.cpp; ClassifyFunctions_BasicPacketExaminationCallouts.cpp; ClassifyFunctions_BasicPacketInjectionCallouts.cpp; ClassifyFunctions_BasicPacketModificationCallouts.cpp; ClassifyFunctions_BasicStreamInjectionCallouts.cpp; ClassifyFunctions_FastPacketInjectionCallouts.cpp; ClassifyFunctions_FastStreamInjectionCallouts.cpp; ClassifyFunctions_FlowAssociationCallouts.cpp; ClassifyFunctions_PendAuthorizationCallouts.cpp; ClassifyFunctions_PendEndpointClosureCallouts.cpp; ClassifyFunctions_ProxyCallouts.cpp; CompletionFunctions_AdvancedPacketInjectionCallouts.cpp; CompletionFunctions_BasicPacketInjectionCallouts.cpp; CompletionFunctions_BasicPacketModificationCallouts.cpp; CompletionFunctions_BasicStreamInjectionCallouts.cpp; CompletionFunctions_FastPacketInjectionCallouts.cpp; CompletionFunctions_FastStreamInjectionCallouts.cpp; CompletionFunctions_PendAuthorizationCallouts.cpp; CompletionFunctions_ProxyCallouts.cpp; Framework_WFPSamplerCalloutDriver.cpp; Framework_Events.cpp; Framework_PowerStates.cpp; HelperFunctions_ExposedCallouts.cpp; NotifyFunctions_AdvancedCallouts.cpp; NotifyFunctions_BasicCallouts.cpp; NotifyFunctions_FastCallouts.cpp; NotifyFunctions_FlowDelete.cpp; NotifyFunctions_PendCallouts.cpp; NotifyFunctions_ProxyCallouts.cpp; SubscriptionFunctions_BFEState.cpp">
      <Filter>Source Files</Filter>
    </ClCompile>
    <ClCompile Include="ClassifyFunctions_AdvancedPacketInjectionCallouts.cpp; ClassifyFunctions_BasicActionCallouts.cpp; ClassifyFunctions_BasicPacketExaminationCallouts.cpp; ClassifyFunctions_BasicPacketInjectionCallouts.cpp; ClassifyFunctions_BasicPacketModificationCallouts.cpp; ClassifyFunctions_BasicStreamInjectionCallouts.cpp; ClassifyFunctions_FastPacketInjectionCallouts.cpp; ClassifyFunctions_FastStreamInjectionCallouts.cpp; ClassifyFunctions_FlowAssociationCallouts.cpp; ClassifyFunctions_PendAuthorizationCallouts.cpp; ClassifyFunctions_PendEndpointClosureCallouts.cpp; ClassifyFunctions_ProxyCallouts.cpp; CompletionFunctions_AdvancedPacketInjectionCallouts.cpp; CompletionFunctions_BasicPacketInjectionCallouts.cpp; CompletionFunctions_BasicPacketModificationCallouts.cpp; CompletionFunctions_BasicStreamInjectionCallouts.cpp; CompletionFunctions_FastPacketInjectionCallouts.cpp; CompletionFunctions_FastStreamInjectionCallouts.cpp; CompletionFunctions_PendAuthorizationCallouts.cpp; CompletionFunctions_ProxyCallouts.cpp; Framework_WFPSamplerCalloutDriver.cpp; Framework_Events.cpp; Framework_PowerStates.cpp; HelperFunctions_ExposedCallouts.cpp; NotifyFunctions_AdvancedCallouts.cpp; NotifyFunctions_BasicCallouts.cpp; NotifyFunctions_FastCallouts.cpp; NotifyFunctions_FlowDelete.cpp; NotifyFunctions_PendCallouts.cpp; NotifyFunctions_ProxyCallouts.cpp; SubscriptionFunctions_BFEState.cpp">
      <Filter>Source Files</Filter>
    </ClCompile>
    <ClCompile Include="ClassifyFunctions_AdvancedPacketInjectionCallouts.cpp; ClassifyFunctions_BasicActionCallouts.cpp; ClassifyFunctions_BasicPacketExaminationCallouts.cpp; ClassifyFunctions_BasicPacketInjectionCallouts.cpp; ClassifyFunctions_BasicPacketModificationCallouts.cpp; ClassifyFunctions_BasicStreamInjectionCallouts.cpp; ClassifyFunctions_FastPacketInjectionCallouts.cpp; ClassifyFunctions_FastStreamInjectionCallouts.cpp; ClassifyFunctions_FlowAssociationCallouts.cpp; ClassifyFunctions_PendAuthorizationCallouts.cpp; ClassifyFunctions_PendEndpointClosureCallouts.cpp; ClassifyFunctions_ProxyCallouts.cpp; CompletionFunctions_AdvancedPacketInjectionCallouts.cpp; CompletionFunctions_BasicPacketInjectionCallouts.cpp; CompletionFunctions_BasicPacketModificationCallouts.cpp; CompletionFunctions_BasicStreamInjectionCallouts.cpp; CompletionFunctions_FastPacketInjectionCallouts.cpp; CompletionFunctions_FastStreamInjectionCallouts.cpp; CompletionFunctions_PendAuthorizationCallouts.cpp; CompletionFunctions_ProxyCallouts.cpp; Framework_WFPSamplerCalloutDriver.cpp; Framework_Events.cpp; Framework_PowerStates.cpp; HelperFunctions_ExposedCallouts.cpp; NotifyFunctions_AdvancedCallouts.cpp; NotifyFunctions_BasicCallouts.cpp; NotifyFunctions_FastCallouts.cpp; NotifyFunctions_FlowDelete.cpp; NotifyFunctions_PendCallouts.cpp; NotifyFunctions_ProxyCallouts.cpp; SubscriptionFunctions_BFEState.cpp">
      <Filter>Source Files</Filter>
    </ClCompile>
    <ClCompile Include="ClassifyFunctions_AdvancedPacketInjectionCallouts.cpp; ClassifyFunctions_BasicActionCallouts.cpp; ClassifyFunctions_BasicPacketExaminationCallouts.cpp; ClassifyFunctions_BasicPacketInjectionCallouts.cpp; ClassifyFunctions_BasicPacketModificationCallouts.cpp; ClassifyFunctions_BasicStreamInjectionCallouts.cpp; ClassifyFunctions_FastPacketInjectionCallouts.cpp; ClassifyFunctions_FastStreamInjectionCallouts.cpp; ClassifyFunctions_FlowAssociationCallouts.cpp; ClassifyFunctions_PendAuthorizationCallouts.cpp; ClassifyFunctions_PendEndpointClosureCallouts.cpp; ClassifyFunctions_ProxyCallouts.cpp; CompletionFunctions_AdvancedPacketInjectionCallouts.cpp; CompletionFunctions_BasicPacketInjectionCallouts.cpp; CompletionFunctions_BasicPacketModificationCallouts.cpp; CompletionFunctions_BasicStreamInjectionCallouts.cpp; CompletionFunctions_FastPacketInjectionCallouts.cpp; CompletionFunctions_FastStreamInjectionCallouts.cpp; CompletionFunctions_PendAuthorizationCallouts.cpp; CompletionFunctions_ProxyCallouts.cpp; Framework_WFPSamplerCalloutDriver.cpp; Framework_Events.cpp; Framework_PowerStates.cpp; HelperFunctions_ExposedCallouts.cpp; NotifyFunctions_AdvancedCallouts.cpp; NotifyFunctions_BasicCallouts.cpp; NotifyFunctions_FastCallouts.cpp; NotifyFunctions_FlowDelete.cpp; NotifyFunctions_PendCallouts.cpp; NotifyFunctions_ProxyCallouts.cpp; SubscriptionFunctions_BFEState.cpp">
      <Filter>Source Files</Filter>
    </ClCompile>
    <ClCompile Include="ClassifyFunctions_AdvancedPacketInjectionCallouts.cpp; ClassifyFunctions_BasicActionCallouts.cpp; ClassifyFunctions_BasicPacketExaminationCallouts.cpp; ClassifyFunctions_BasicPacketInjectionCallouts.cpp; ClassifyFunctions_BasicPacketModificationCallouts.cpp; ClassifyFunctions_BasicStreamInjectionCallouts.cpp; ClassifyFunctions_FastPacketInjectionCallouts.cpp; ClassifyFunctions_FastStreamInjectionCallouts.cpp; ClassifyFunctions_FlowAssociationCallouts.cpp; ClassifyFunctions_PendAuthorizationCallouts.cpp; ClassifyFunctions_PendEndpointClosureCallouts.cpp; ClassifyFunctions_ProxyCallouts.cpp; CompletionFunctions_AdvancedPacketInjectionCallouts.cpp; CompletionFunctions_BasicPacketInjectionCallouts.cpp; CompletionFunctions_BasicPacketModificationCallouts.cpp; CompletionFunctions_BasicStreamInjectionCallouts.cpp; CompletionFunctions_FastPacketInjectionCallouts.cpp; CompletionFunctions_FastStreamInjectionCallouts.cpp; CompletionFunctions_PendAuthorizationCallouts.cpp; CompletionFunctions_ProxyCallouts.cpp; Framework_WFPSamplerCalloutDriver.cpp; Framework_Events.cpp; Framework_PowerStates.cpp; HelperFunctions_ExposedCallouts.cpp; NotifyFunctions_AdvancedCallouts.cpp; NotifyFunctions_BasicCallouts.cpp; NotifyFunctions_FastCallouts.cpp; NotifyFunctions_FlowDelete.cpp; NotifyFunctions_PendCallouts.cpp; NotifyFunctions_ProxyCallouts.cpp; SubscriptionFunctions_BFEState.cpp">
      <Filter>Source Files</Filter>
    </ClCompile>
    <ClCompile Include="ClassifyFunctions_AdvancedPacketInjectionCallouts.cpp; ClassifyFunctions_BasicActionCallouts.cpp; ClassifyFunctions_BasicPacketExaminationCallouts.cpp; ClassifyFunctions_BasicPacketInjectionCallouts.cpp; ClassifyFunctions_BasicPacketModificationCallouts.cpp; ClassifyFunctions_BasicStreamInjectionCallouts.cpp; ClassifyFunctions_FastPacketInjectionCallouts.cpp; ClassifyFunctions_FastStreamInjectionCallouts.cpp; ClassifyFunctions_FlowAssociationCallouts.cpp; ClassifyFunctions_PendAuthorizationCallouts.cpp; ClassifyFunctions_PendEndpointClosureCallouts.cpp; ClassifyFunctions_ProxyCallouts.cpp; CompletionFunctions_AdvancedPacketInjectionCallouts.cpp; CompletionFunctions_BasicPacketInjectionCallouts.cpp; CompletionFunctions_BasicPacketModificationCallouts.cpp; CompletionFunctions_BasicStreamInjectionCallouts.cpp; CompletionFunctions_FastPacketInjectionCallouts.cpp; CompletionFunctions_FastStreamInjectionCallouts.cpp; CompletionFunctions_PendAuthorizationCallouts.cpp; CompletionFunctions_ProxyCallouts.cpp; Framework_WFPSamplerCalloutDriver.cpp; Framework_Events.cpp; Framework_PowerStates.cpp; HelperFunctions_ExposedCallouts.cpp; NotifyFunctions_AdvancedCallouts.cpp; NotifyFunctions_BasicCallouts.cpp; NotifyFunctions_FastCallouts.cpp; NotifyFunctions_FlowDelete.cpp; NotifyFunctions_PendCallouts.cpp; NotifyFunctions_ProxyCallouts.cpp; SubscriptionFunctions_BFEState.cpp">
      <Filter>Source Files</Filter>
    </ClCompile>
    <ClCompile Include="ClassifyFunctions_AdvancedPacketInjectionCallouts.cpp; ClassifyFunctions_BasicActionCallouts.cpp; ClassifyFunctions_BasicPacketExaminationCallouts.cpp; ClassifyFunctions_BasicPacketInjectionCallouts.cpp; ClassifyFunctions_BasicPacketModificationCallouts.cpp; ClassifyFunctions_BasicStreamInjectionCallouts.cpp; ClassifyFunctions_FastPacketInjectionCallouts.cpp; ClassifyFunctions_FastStreamInjectionCallouts.cpp; ClassifyFunctions_FlowAssociationCallouts.cpp; ClassifyFunctions_PendAuthorizationCallouts.cpp; ClassifyFunctions_PendEndpointClosureCallouts.cpp; ClassifyFunctions_ProxyCallouts.cpp; CompletionFunctions_AdvancedPacketInjectionCallouts.cpp; CompletionFunctions_BasicPacketInjectionCallouts.cpp; CompletionFunctions_BasicPacketModificationCallouts.cpp; CompletionFunctions_BasicStreamInjectionCallouts.cpp; CompletionFunctions_FastPacketInjectionCallouts.cpp; CompletionFunctions_FastStreamInjectionCallouts.cpp; CompletionFunctions_PendAuthorizationCallouts.cpp; CompletionFunctions_ProxyCallouts.cpp; Framework_WFPSamplerCalloutDriver.cpp; Framework_Events.cpp; Framework_PowerStates.cpp; HelperFunctions_ExposedCallouts.cpp; NotifyFunctions_AdvancedCallouts.cpp; NotifyFunctions_BasicCallouts.cpp; NotifyFunctions_FastCallouts.cpp; NotifyFunctions_FlowDelete.cpp; NotifyFunctions_PendCallouts.cpp; NotifyFunctions_ProxyCallouts.cpp; SubscriptionFunctions_BFEState.cpp">
      <Filter>Source Files</Filter>
    </ClCompile>
    <ClCompile Include="ClassifyFunctions_AdvancedPacketInjectionCallouts.cpp; ClassifyFunctions_BasicActionCallouts.cpp; ClassifyFunctions_BasicPacketExaminationCallouts.cpp; ClassifyFunctions_BasicPacketInjectionCallouts.cpp; ClassifyFunctions_BasicPacketModificationCallouts.cpp; ClassifyFunctions_BasicStreamInjectionCallouts.cpp; ClassifyFunctions_FastPacketInjectionCallouts.cpp; ClassifyFunctions_FastStreamInjectionCallouts.cpp; ClassifyFunctions_FlowAssociationCallouts.cpp; ClassifyFunctions_PendAuthorizationCallouts.cpp; ClassifyFunctions_PendEndpointClosureCallouts.cpp; ClassifyFunctions_ProxyCallouts.cpp; CompletionFunctions_AdvancedPacketInjectionCallouts.cpp; CompletionFunctions_BasicPacketInjectionCallouts.cpp; CompletionFunctions_BasicPacketModificationCallouts.cpp; CompletionFunctions_BasicStreamInjectionCallouts.cpp; CompletionFunctions_FastPacketInjectionCallouts.cpp; CompletionFunctions_FastStreamInjectionCallouts.cpp; CompletionFunctions_PendAuthorizationCallouts.cpp; CompletionFunctions_ProxyCallouts.cpp; Framework_WFPSamplerCalloutDriver.cpp; Framework_Events.cpp; Framework_PowerStates.cpp; HelperFunctions_ExposedCallouts.cpp; NotifyFunctions_AdvancedCallouts.cpp; NotifyFunctions_BasicCallouts.cpp; NotifyFunctions_FastCallouts.cpp; NotifyFunctions_FlowDelete.cpp; NotifyFunctions_PendCallouts.cpp; NotifyFunctions_ProxyCallouts.cpp; SubscriptionFunctions_BFEState.cpp">
      <Filter>Source Files</Filter>
    </ClCompile>
    <ClCompile Include="ClassifyFunctions_AdvancedPacketInjectionCallouts.cpp; ClassifyFunctions_BasicActionCallouts.cpp; ClassifyFunctions_BasicPacketExaminationCallouts.cpp; ClassifyFunctions_BasicPacketInjectionCallouts.cpp; ClassifyFunctions_BasicPacketModificationCallouts.cpp; ClassifyFunctions_BasicStreamInjectionCallouts.cpp; ClassifyFunctions_FastPacketInjectionCallouts.cpp; ClassifyFunctions_FastStreamInjectionCallouts.cpp; ClassifyFunctions_FlowAssociationCallouts.cpp; ClassifyFunctions_PendAuthorizationCallouts.cpp; ClassifyFunctions_PendEndpointClosureCallouts.cpp; ClassifyFunctions_ProxyCallouts.cpp; CompletionFunctions_AdvancedPacketInjectionCallouts.cpp; CompletionFunctions_BasicPacketInjectionCallouts.cpp; CompletionFunctions_BasicPacketModificationCallouts.cpp; CompletionFunctions_BasicStreamInjectionCallouts.cpp; CompletionFunctions_FastPacketInjectionCallouts.cpp; CompletionFunctions_FastStreamInjectionCallouts.cpp; CompletionFunctions_PendAuthorizationCallouts.cpp; CompletionFunctions_ProxyCallouts.cpp; Framework_WFPSamplerCalloutDriver.cpp; Framework_Events.cpp; Framework_PowerStates.cpp; HelperFunctions_ExposedCallouts.cpp; NotifyFunctions_AdvancedCallouts.cpp; NotifyFunctions_BasicCallouts.cpp; NotifyFunctions_FastCallouts.cpp; NotifyFunctions_FlowDelete.cpp; NotifyFunctions_PendCallouts.cpp; NotifyFunctions_ProxyCallouts.cpp; SubscriptionFunctions_BFEState.cpp">
      <Filter>Source Files</Filter>
    </ClCompile>
    <ClCompile Include="ClassifyFunctions_AdvancedPacketInjectionCallouts.cpp; ClassifyFunctions_BasicActionCallouts.cpp; ClassifyFunctions_BasicPacketExaminationCallouts.cpp; ClassifyFunctions_BasicPacketInjectionCallouts.cpp; ClassifyFunctions_BasicPacketModificationCallouts.cpp; ClassifyFunctions_BasicStreamInjectionCallouts.cpp; ClassifyFunctions_FastPacketInjectionCallouts.cpp; ClassifyFunctions_FastStreamInjectionCallouts.cpp; ClassifyFunctions_FlowAssociationCallouts.cpp; ClassifyFunctions_PendAuthorizationCallouts.cpp; ClassifyFunctions_PendEndpointClosureCallouts.cpp; ClassifyFunctions_ProxyCallouts.cpp; CompletionFunctions_AdvancedPacketInjectionCallouts.cpp; CompletionFunctions_BasicPacketInjectionCallouts.cpp; CompletionFunctions_BasicPacketModificationCallouts.cpp; CompletionFunctions_BasicStreamInjectionCallouts.cpp; CompletionFunctions_FastPacketInjectionCallouts.cpp; CompletionFunctions_FastStreamInjectionCallouts.cpp; CompletionFunctions_PendAuthorizationCallouts.cpp; CompletionFunctions_ProxyCallouts.cpp; Framework_WFPSamplerCalloutDriver.cpp; Framework_Events.cpp; Framework_PowerStates.cpp; HelperFunctions_ExposedCallouts.cpp; NotifyFunctions_AdvancedCallouts.cpp; NotifyFunctions_BasicCallouts.cpp; NotifyFunctions_FastCallouts.cpp; NotifyFunctions_FlowDelete.cpp; NotifyFunctions_PendCallouts.cpp; NotifyFunctions_ProxyCallouts.cpp; SubscriptionFunctions_BFEState.cpp">
      <Filter>Source Files</Filter>
    </ClCompile>
    <ClCompile Include="ClassifyFunctions_AdvancedPacketInjectionCallouts.cpp; ClassifyFunctions_BasicActionCallouts.cpp; ClassifyFunctions_BasicPacketExaminationCallouts.cpp; ClassifyFunctions_BasicPacketInjectionCallouts.cpp; ClassifyFunctions_BasicPacketModificationCallouts.cpp; ClassifyFunctions_BasicStreamInjectionCallouts.cpp; ClassifyFunctions_FastPacketInjectionCallouts.cpp; ClassifyFunctions_FastStreamInjectionCallouts.cpp; ClassifyFunctions_FlowAssociationCallouts.cpp; ClassifyFunctions_PendAuthorizationCallouts.cpp; ClassifyFunctions_PendEndpointClosureCallouts.cpp; ClassifyFunctions_ProxyCallouts.cpp; CompletionFunctions_AdvancedPacketInjectionCallouts.cpp; CompletionFunctions_BasicPacketInjectionCallouts.cpp; CompletionFunctions_BasicPacketModificationCallouts.cpp; CompletionFunctions_BasicStreamInjectionCallouts.cpp; CompletionFunctions_FastPacketInjectionCallouts.cpp; CompletionFunctions_FastStreamInjectionCallouts.cpp; CompletionFunctions_PendAuthorizationCallouts.cpp; CompletionFunctions_ProxyCallouts.cpp; Framework_WFPSamplerCalloutDriver.cpp; Framework_Events.cpp; Framework_PowerStates.cpp; HelperFunctions_ExposedCallouts.cpp; NotifyFunctions_AdvancedCallouts.cpp; NotifyFunctions_BasicCallouts.cpp; NotifyFunctions_FastCallouts.cpp; NotifyFunctions_FlowDelete.cpp; NotifyFunctions_PendCallouts.cpp; NotifyFunctions_ProxyCallouts.cpp; SubscriptionFunctions_BFEState.cpp">
      <Filter>Source Files</Filter>
    </ClCompile>
    <ClCompile Include="ClassifyFunctions_AdvancedPacketInjectionCallouts.cpp; ClassifyFunctions_BasicActionCallouts.cpp; ClassifyFunctions_BasicPacketExaminationCallouts.cpp; ClassifyFunctions_BasicPacketInjectionCallouts.cpp; ClassifyFunctions_BasicPacketModificationCallouts.cpp; ClassifyFunctions_BasicStreamInjectionCallouts.cpp; ClassifyFunctions_FastPacketInjectionCallouts.cpp; ClassifyFunctions_FastStreamInjectionCallouts.cpp; ClassifyFunctions_FlowAssociationCallouts.cpp; ClassifyFunctions_PendAuthorizationCallouts.cpp; ClassifyFunctions_PendEndpointClosureCallouts.cpp; ClassifyFunctions_ProxyCallouts.cpp; CompletionFunctions_AdvancedPacketInjectionCallouts.cpp; CompletionFunctions_BasicPacketInjectionCallouts.cpp; CompletionFunctions_BasicPacketModificationCallouts.cpp; CompletionFunctions_BasicStreamInjectionCallouts.cpp; CompletionFunctions_FastPacketInjectionCallouts.cpp; CompletionFunctions_FastStreamInjectionCallouts.cpp; CompletionFunctions_PendAuthorizationCallouts.cpp; CompletionFunctions_ProxyCallouts.cpp; Framework_WFPSamplerCalloutDriver.cpp; Framework_Events.cpp; Framework_PowerStates.cpp; HelperFunctions_ExposedCallouts.cpp; NotifyFunctions_AdvancedCallouts.cpp; NotifyFunctions_BasicCallouts.cpp; NotifyFunctions_FastCallouts.cpp; NotifyFunctions_FlowDelete.cpp; NotifyFunctions_PendCallouts.cpp; NotifyFunctions_ProxyCallouts.cpp; SubscriptionFunctions_BFEState.cpp">
      <Filter>Source Files</Filter>
    </ClCompile>
    <ClCompile Include="ClassifyFunctions_AdvancedPacketInjectionCallouts.cpp; ClassifyFunctions_BasicActionCallouts.cpp; ClassifyFunctions_BasicPacketExaminationCallouts.cpp; ClassifyFunctions_BasicPacketInjectionCallouts.cpp; ClassifyFunctions_BasicPacketModificationCallouts.cpp; ClassifyFunctions_BasicStreamInjectionCallouts.cpp; ClassifyFunctions_FastPacketInjectionCallouts.cpp; ClassifyFunctions_FastStreamInjectionCallouts.cpp; ClassifyFunctions_FlowAssociationCallouts.cpp; ClassifyFunctions_PendAuthorizationCallouts.cpp; ClassifyFunctions_PendEndpointClosureCallouts.cpp; ClassifyFunctions_ProxyCallouts.cpp; CompletionFunctions_AdvancedPacketInjectionCallouts.cpp; CompletionFunctions_BasicPacketInjectionCallouts.cpp; CompletionFunctions_BasicPacketModificationCallouts.cpp; CompletionFunctions_BasicStreamInjectionCallouts.cpp; CompletionFunctions_FastPacketInjectionCallouts.cpp; CompletionFunctions_FastStreamInjectionCallouts.cpp; CompletionFunctions_PendAuthorizationCallouts.cpp; CompletionFunctions_ProxyCallouts.cpp; Framework_WFPSamplerCalloutDriver.cpp; Framework_Events.cpp; Framework_PowerStates.cpp; HelperFunctions_ExposedCallouts.cpp; NotifyFunctions_AdvancedCallouts.cpp; NotifyFunctions_BasicCallouts.cpp; NotifyFunctions_FastCallouts.cpp; NotifyFunctions_FlowDelete.cpp; NotifyFunctions_PendCallouts.cpp; NotifyFunctions_ProxyCallouts.cpp; SubscriptionFunctions_BFEState.cpp">
      <Filter>Source Files</Filter>
    </ClCompile>
    <ClCompile Include="ClassifyFunctions_AdvancedPacketInjectionCallouts.cpp; ClassifyFunctions_BasicActionCallouts.cpp; ClassifyFunctions_BasicPacketExaminationCallouts.cpp; ClassifyFunctions_BasicPacketInjectionCallouts.cpp; ClassifyFunctions_BasicPacketModificationCallouts.cpp; ClassifyFunctions_BasicStreamInjectionCallouts.cpp; ClassifyFunctions_FastPacketInjectionCallouts.cpp; ClassifyFunctions_FastStreamInjectionCallouts.cpp; ClassifyFunctions_FlowAssociationCallouts.cpp; ClassifyFunctions_PendAuthorizationCallouts.cpp; ClassifyFunctions_PendEndpointClosureCallouts.cpp; ClassifyFunctions_ProxyCallouts.cpp; CompletionFunctions_AdvancedPacketInjectionCallouts.cpp; CompletionFunctions_BasicPacketInjectionCallouts.cpp; CompletionFunctions_BasicPacketModificationCallouts.cpp; CompletionFunctions_BasicStreamInjectionCallouts.cpp; CompletionFunctions_FastPacketInjectionCallouts.cpp; CompletionFunctions_FastStreamInjectionCallouts.cpp; CompletionFunctions_PendAuthorizationCallouts.cpp; CompletionFunctions_ProxyCallouts.cpp; Framework_WFPSamplerCalloutDriver.cpp; Framework_Events.cpp; Framework_PowerStates.cpp; HelperFunctions_ExposedCallouts.cpp; NotifyFunctions_AdvancedCallouts.cpp; NotifyFunctions_BasicCallouts.cpp; NotifyFunctions_FastCallouts.cpp; NotifyFunctions_FlowDelete.cpp; NotifyFunctions_PendCallouts.cpp; NotifyFunctions_ProxyCallouts.cpp; SubscriptionFunctions_BFEState.cpp">
      <Filter>Source Files</Filter>
    </ClCompile>
    <ClCompile Include="ClassifyFunctions_AdvancedPacketInjectionCallouts.cpp; ClassifyFunctions_BasicActionCallouts.cpp; ClassifyFunctions_BasicPacketExaminationCallouts.cpp; ClassifyFunctions_BasicPacketInjectionCallouts.cpp; ClassifyFunctions_BasicPacketModificationCallouts.cpp; ClassifyFunctions_BasicStreamInjectionCallouts.cpp; ClassifyFunctions_FastPacketInjectionCallouts.cpp; ClassifyFunctions_FastStreamInjectionCallouts.cpp; ClassifyFunctions_FlowAssociationCallouts.cpp; ClassifyFunctions_PendAuthorizationCallouts.cpp; ClassifyFunctions_PendEndpointClosureCallouts.cpp; ClassifyFunctions_ProxyCallouts.cpp; CompletionFunctions_AdvancedPacketInjectionCallouts.cpp; CompletionFunctions_BasicPacketInjectionCallouts.cpp; CompletionFunctions_BasicPacketModificationCallouts.cpp; CompletionFunctions_BasicStreamInjectionCallouts.cpp; CompletionFunctions_FastPacketInjectionCallouts.cpp; CompletionFunctions_FastStreamInjectionCallouts.cpp; CompletionFunctions_PendAuthorizationCallouts.cpp; CompletionFunctions_ProxyCallouts.cpp; Framework_WFPSamplerCalloutDriver.cpp; Framework_Events.cpp; Framework_PowerStates.cpp; HelperFunctions_ExposedCallouts.cpp; NotifyFunctions_AdvancedCallouts.cpp; NotifyFunctions_BasicCallouts.cpp; NotifyFunctions_FastCallouts.cpp; NotifyFunctions_FlowDelete.cpp; NotifyFunctions_PendCallouts.cpp; NotifyFunctions_ProxyCallouts.cpp; SubscriptionFunctions_BFEState.cpp">
      <Filter>Source Files</Filter>
    </ClCompile>
    <ClCompile Include="ClassifyFunctions_AdvancedPacketInjectionCallouts.cpp; ClassifyFunctions_BasicActionCallouts.cpp; ClassifyFunctions_BasicPacketExaminationCallouts.cpp; ClassifyFunctions_BasicPacketInjectionCallouts.cpp; ClassifyFunctions_BasicPacketModificationCallouts.cpp; ClassifyFunctions_BasicStreamInjectionCallouts.cpp; ClassifyFunctions_FastPacketInjectionCallouts.cpp; ClassifyFunctions_FastStreamInjectionCallouts.cpp; ClassifyFunctions_FlowAssociationCallouts.cpp; ClassifyFunctions_PendAuthorizationCallouts.cpp; ClassifyFunctions_PendEndpointClosureCallouts.cpp; ClassifyFunctions_ProxyCallouts.cpp; CompletionFunctions_AdvancedPacketInjectionCallouts.cpp; CompletionFunctions_BasicPacketInjectionCallouts.cpp; CompletionFunctions_BasicPacketModificationCallouts.cpp; CompletionFunctions_BasicStreamInjectionCallouts.cpp; CompletionFunctions_FastPacketInjectionCallouts.cpp; CompletionFunctions_FastStreamInjectionCallouts.cpp; CompletionFunctions_PendAuthorizationCallouts.cpp; CompletionFunctions_ProxyCallouts.cpp; Framework_WFPSamplerCalloutDriver.cpp; Framework_Events.cpp; Framework_PowerStates.cpp; HelperFunctions_ExposedCallouts.cpp; NotifyFunctions_AdvancedCallouts.cpp; NotifyFunctions_BasicCallouts.cpp; NotifyFunctions_FastCallouts.cpp; NotifyFunctions_FlowDelete.cpp; NotifyFunctions_PendCallouts.cpp; NotifyFunctions_ProxyCallouts.cpp; SubscriptionFunctions_BFEState.cpp">
      <Filter>Source Files</Filter>
    </ClCompile>
    <ClCompile Include="ClassifyFunctions_AdvancedPacketInjectionCallouts.cpp; ClassifyFunctions_BasicActionCallouts.cpp; ClassifyFunctions_BasicPacketExaminationCallouts.cpp; ClassifyFunctions_BasicPacketInjectionCallouts.cpp; ClassifyFunctions_BasicPacketModificationCallouts.cpp; ClassifyFunctions_BasicStreamInjectionCallouts.cpp; ClassifyFunctions_FastPacketInjectionCallouts.cpp; ClassifyFunctions_FastStreamInjectionCallouts.cpp; ClassifyFunctions_FlowAssociationCallouts.cpp; ClassifyFunctions_PendAuthorizationCallouts.cpp; ClassifyFunctions_PendEndpointClosureCallouts.cpp; ClassifyFunctions_ProxyCallouts.cpp; CompletionFunctions_AdvancedPacketInjectionCallouts.cpp; CompletionFunctions_BasicPacketInjectionCallouts.cpp; CompletionFunctions_BasicPacketModificationCallouts.cpp; CompletionFunctions_BasicStreamInjectionCallouts.cpp; CompletionFunctions_FastPacketInjectionCallouts.cpp; CompletionFunctions_FastStreamInjectionCallouts.cpp; CompletionFunctions_PendAuthorizationCallouts.cpp; CompletionFunctions_ProxyCallouts.cpp; Framework_WFPSamplerCalloutDriver.cpp; Framework_Events.cpp; Framework_PowerStates.cpp; HelperFunctions_ExposedCallouts.cpp; NotifyFunctions_AdvancedCallouts.cpp; NotifyFunctions_BasicCallouts.cpp; NotifyFunctions_FastCallouts.cpp; NotifyFunctions_FlowDelete.cpp; NotifyFunctions_PendCallouts.cpp; NotifyFunctions_ProxyCallouts.cpp; SubscriptionFunctions_BFEState.cpp">
      <Filter>Source Files</Filter>
    </ClCompile>
    <ClCompile Include="ClassifyFunctions_AdvancedPacketInjectionCallouts.cpp; ClassifyFunctions_BasicActionCallouts.cpp; ClassifyFunctions_BasicPacketExaminationCallouts.cpp; ClassifyFunctions_BasicPacketInjectionCallouts.cpp; ClassifyFunctions_BasicPacketModificationCallouts.cpp; ClassifyFunctions_BasicStreamInjectionCallouts.cpp; ClassifyFunctions_FastPacketInjectionCallouts.cpp; ClassifyFunctions_FastStreamInjectionCallouts.cpp; ClassifyFunctions_FlowAssociationCallouts.cpp; ClassifyFunctions_PendAuthorizationCallouts.cpp; ClassifyFunctions_PendEndpointClosureCallouts.cpp; ClassifyFunctions_ProxyCallouts.cpp; CompletionFunctions_AdvancedPacketInjectionCallouts.cpp; CompletionFunctions_BasicPacketInjectionCallouts.cpp; CompletionFunctions_BasicPacketModificationCallouts.cpp; CompletionFunctions_BasicStreamInjectionCallouts.cpp; CompletionFunctions_FastPacketInjectionCallouts.cpp; CompletionFunctions_FastStreamInjectionCallouts.cpp; CompletionFunctions_PendAuthorizationCallouts.cpp; CompletionFunctions_ProxyCallouts.cpp; Framework_WFPSamplerCalloutDriver.cpp; Framework_Events.cpp; Framework_PowerStates.cpp; HelperFunctions_ExposedCallouts.cpp; NotifyFunctions_AdvancedCallouts.cpp; NotifyFunctions_BasicCallouts.cpp; NotifyFunctions_FastCallouts.cpp; NotifyFunctions_FlowDelete.cpp; NotifyFunctions_PendCallouts.cpp; NotifyFunctions_ProxyCallouts.cpp; SubscriptionFunctions_BFEState.cpp">
      <Filter>Source Files</Filter>
    </ClCompile>
    <ClCompile Include="ClassifyFunctions_AdvancedPacketInjectionCallouts.cpp; ClassifyFunctions_BasicActionCallouts.cpp; ClassifyFunctions_BasicPacketExaminationCallouts.cpp; ClassifyFunctions_BasicPacketInjectionCallouts.cpp; ClassifyFunctions_BasicPacketModificationCallouts.cpp; ClassifyFunctions_BasicStreamInjectionCallouts.cpp; ClassifyFunctions_FastPacketInjectionCallouts.cpp; ClassifyFunctions_FastStreamInjectionCallouts.cpp; ClassifyFunctions_FlowAssociationCallouts.cpp; ClassifyFunctions_PendAuthorizationCallouts.cpp; ClassifyFunctions_PendEndpointClosureCallouts.cpp; ClassifyFunctions_ProxyCallouts.cpp; CompletionFunctions_AdvancedPacketInjectionCallouts.cpp; CompletionFunctions_BasicPacketInjectionCallouts.cpp; CompletionFunctions_BasicPacketModificationCallouts.cpp; CompletionFunctions_BasicStreamInjectionCallouts.cpp; CompletionFunctions_FastPacketInjectionCallouts.cpp; CompletionFunctions_FastStreamInjectionCallouts.cpp; CompletionFunctions_PendAuthorizationCallouts.cpp; CompletionFunctions_ProxyCallouts.cpp; Framework_WFPSamplerCalloutDriver.cpp; Framework_Events.cpp; Framework_PowerStates.cpp; HelperFunctions_ExposedCallouts.cpp; NotifyFunctions_AdvancedCallouts.cpp; NotifyFunctions_BasicCallouts.cpp; NotifyFunctions_FastCallouts.cpp; NotifyFunctions_FlowDelete.cpp; NotifyFunctions_PendCallouts.cpp; NotifyFunctions_ProxyCallouts.cpp; SubscriptionFunctions_BFEState.cpp">
      <Filter>Source Files</Filter>
    </ClCompile>
    <ClCompile Include="ClassifyFunctions_AdvancedPacketInjectionCallouts.cpp; ClassifyFunctions_BasicActionCallouts.cpp; ClassifyFunctions_BasicPacketExaminationCallouts.cpp; ClassifyFunctions_BasicPacketInjectionCallouts.cpp; ClassifyFunctions_BasicPacketModificationCallouts.cpp; ClassifyFunctions_BasicStreamInjectionCallouts.cpp; ClassifyFunctions_FastPacketInjectionCallouts.cpp; ClassifyFunctions_FastStreamInjectionCallouts.cpp; ClassifyFunctions_FlowAssociationCallouts.cpp; ClassifyFunctions_PendAuthorizationCallouts.cpp; ClassifyFunctions_PendEndpointClosureCallouts.cpp; ClassifyFunctions_ProxyCallouts.cpp; CompletionFunctions_AdvancedPacketInjectionCallouts.cpp; CompletionFunctions_BasicPacketInjectionCallouts.cpp; CompletionFunctions_BasicPacketModificationCallouts.cpp; CompletionFunctions_BasicStreamInjectionCallouts.cpp; CompletionFunctions_FastPacketInjectionCallouts.cpp; CompletionFunctions_FastStreamInjectionCallouts.cpp; CompletionFunctions_PendAuthorizationCallouts.cpp; CompletionFunctions_ProxyCallouts.cpp; Framework_WFPSamplerCalloutDriver.cpp; Framework_Events.cpp; Framework_PowerStates.cpp; HelperFunctions_ExposedCallouts.cpp; NotifyFunctions_AdvancedCallouts.cpp; NotifyFunctions_BasicCallouts.cpp; NotifyFunctions_FastCallouts.cpp; NotifyFunctions_FlowDelete.cpp; NotifyFunctions_PendCallouts.cpp; NotifyFunctions_ProxyCallouts.cpp; SubscriptionFunctions_BFEState.cpp">
      <Filter>Source Files</Filter>
    </ClCompile>
    <ClCompile Include="ClassifyFunctions_AdvancedPacketInjectionCallouts.cpp; ClassifyFunctions_BasicActionCallouts.cpp; ClassifyFunctions_BasicPacketExaminationCallouts.cpp; ClassifyFunctions_BasicPacketInjectionCallouts.cpp; ClassifyFunctions_BasicPacketModificationCallouts.cpp; ClassifyFunctions_BasicStreamInjectionCallouts.cpp; ClassifyFunctions_FastPacketInjectionCallouts.cpp; ClassifyFunctions_FastStreamInjectionCallouts.cpp; ClassifyFunctions_FlowAssociationCallouts.cpp; ClassifyFunctions_PendAuthorizationCallouts.cpp; ClassifyFunctions_PendEndpointClosureCallouts.cpp; ClassifyFunctions_ProxyCallouts.cpp; CompletionFunctions_AdvancedPacketInjectionCallouts.cpp; CompletionFunctions_BasicPacketInjectionCallouts.cpp; CompletionFunctions_BasicPacketModificationCallouts.cpp; CompletionFunctions_BasicStreamInjectionCallouts.cpp; CompletionFunctions_FastPacketInjectionCallouts.cpp; CompletionFunctions_FastStreamInjectionCallouts.cpp; CompletionFunctions_PendAuthorizationCallouts.cpp; CompletionFunctions_ProxyCallouts.cpp; Framework_WFPSamplerCalloutDriver.cpp; Framework_Events.cpp; Framework_PowerStates.cpp; HelperFunctions_ExposedCallouts.cpp; NotifyFunctions_AdvancedCallouts.cpp; NotifyFunctions_BasicCallouts.cpp; NotifyFunctions_FastCallouts.cpp; NotifyFunctions_FlowDelete.cpp; NotifyFunctions_PendCallouts.cpp; NotifyFunctions_ProxyCallouts.cpp; SubscriptionFunctions_BFEState.cpp">
      <Filter>Source Files</Filter>
    </ClCompile>
    <ClCompile Include="ClassifyFunctions_AdvancedPacketInjectionCallouts.cpp; ClassifyFunctions_BasicActionCallouts.cpp; ClassifyFunctions_BasicPacketExaminationCallouts.cpp; ClassifyFunctions_BasicPacketInjectionCallouts.cpp; ClassifyFunctions_BasicPacketModificationCallouts.cpp; ClassifyFunctions_BasicStreamInjectionCallouts.cpp; ClassifyFunctions_FastPacketInjectionCallouts.cpp; ClassifyFunctions_FastStreamInjectionCallouts.cpp; ClassifyFunctions_FlowAssociationCallouts.cpp; ClassifyFunctions_PendAuthorizationCallouts.cpp; ClassifyFunctions_PendEndpointClosureCallouts.cpp; ClassifyFunctions_ProxyCallouts.cpp; CompletionFunctions_AdvancedPacketInjectionCallouts.cpp; CompletionFunctions_BasicPacketInjectionCallouts.cpp; CompletionFunctions_BasicPacketModificationCallouts.cpp; CompletionFunctions_BasicStreamInjectionCallouts.cpp; CompletionFunctions_FastPacketInjectionCallouts.cpp; CompletionFunctions_FastStreamInjectionCallouts.cpp; CompletionFunctions_PendAuthorizationCallouts.cpp; CompletionFunctions_ProxyCallouts.cpp; Framework_WFPSamplerCalloutDriver.cpp; Framework_Events.cpp; Framework_PowerStates.cpp; HelperFunctions_ExposedCallouts.cpp; NotifyFunctions_AdvancedCallouts.cpp; NotifyFunctions_BasicCallouts.cpp; NotifyFunctions_FastCallouts.cpp; NotifyFunctions_FlowDelete.cpp; NotifyFunctions_PendCallouts.cpp; NotifyFunctions_ProxyCallouts.cpp; SubscriptionFunctions_BFEState.cpp">
      <Filter>Source Files</Filter>
    </ClCompile>
    <ClCompile Include="ClassifyFunctions_AdvancedPacketInjectionCallouts.cpp; ClassifyFunctions_BasicActionCallouts.cpp; ClassifyFunctions_BasicPacketExaminationCallouts.cpp; ClassifyFunctions_BasicPacketInjectionCallouts.cpp; ClassifyFunctions_BasicPacketModificationCallouts.cpp; ClassifyFunctions_BasicStreamInjectionCallouts.cpp; ClassifyFunctions_FastPacketInjectionCallouts.cpp; ClassifyFunctions_FastStreamInjectionCallouts.cpp; ClassifyFunctions_FlowAssociationCallouts.cpp; ClassifyFunctions_PendAuthorizationCallouts.cpp; ClassifyFunctions_PendEndpointClosureCallouts.cpp; ClassifyFunctions_ProxyCallouts.cpp; CompletionFunctions_AdvancedPacketInjectionCallouts.cpp; CompletionFunctions_BasicPacketInjectionCallouts.cpp; CompletionFunctions_BasicPacketModificationCallouts.cpp; CompletionFunctions_BasicStreamInjectionCallouts.cpp; CompletionFunctions_FastPacketInjectionCallouts.cpp; CompletionFunctions_FastStreamInjectionCallouts.cpp; CompletionFunctions_PendAuthorizationCallouts.cpp; CompletionFunctions_ProxyCallouts.cpp; Framework_WFPSamplerCalloutDriver.cpp; Framework_Events.cpp; Framework_PowerStates.cpp; HelperFunctions_ExposedCallouts.cpp; NotifyFunctions_AdvancedCallouts.cpp; NotifyFunctions_BasicCallouts.cpp; NotifyFunctions_FastCallouts.cpp; NotifyFunctions_FlowDelete.cpp; NotifyFunctions_PendCallouts.cpp; NotifyFunctions_ProxyCallouts.cpp; SubscriptionFunctions_BFEState.cpp">
      <Filter>Source Files</Filter>
    </ClCompile>
    <ClCompile Include="ClassifyFunctions_AdvancedPacketInjectionCallouts.cpp; ClassifyFunctions_BasicActionCallouts.cpp; ClassifyFunctions_BasicPacketExaminationCallouts.cpp; ClassifyFunctions_BasicPacketInjectionCallouts.cpp; ClassifyFunctions_BasicPacketModificationCallouts.cpp; ClassifyFunctions_BasicStreamInjectionCallouts.cpp; ClassifyFunctions_FastPacketInjectionCallouts.cpp; ClassifyFunctions_FastStreamInjectionCallouts.cpp; ClassifyFunctions_FlowAssociationCallouts.cpp; ClassifyFunctions_PendAuthorizationCallouts.cpp; ClassifyFunctions_PendEndpointClosureCallouts.cpp; ClassifyFunctions_ProxyCallouts.cpp; CompletionFunctions_AdvancedPacketInjectionCallouts.cpp; CompletionFunctions_BasicPacketInjectionCallouts.cpp; CompletionFunctions_BasicPacketModificationCallouts.cpp; CompletionFunctions_BasicStreamInjectionCallouts.cpp; CompletionFunctions_FastPacketInjectionCallouts.cpp; CompletionFunctions_FastStreamInjectionCallouts.cpp; CompletionFunctions_PendAuthorizationCallouts.cpp; CompletionFunctions_ProxyCallouts.cpp; Framework_WFPSamplerCalloutDriver.cpp; Framework_Events.cpp; Framework_PowerStates.cpp; HelperFunctions_ExposedCallouts.cpp; NotifyFunctions_AdvancedCallouts.cpp; NotifyFunctions_BasicCallouts.cpp; NotifyFunctions_FastCallouts.cpp; NotifyFunctions_FlowDelete.cpp; NotifyFunctions_PendCallouts.cpp; NotifyFunctions_ProxyCallouts.cpp; SubscriptionFunctions_BFEState.cpp">
      <Filter>Source Files</Filter>
    </ClCompile>
    <ClCompile Include="ClassifyFunctions_AdvancedPacketInjectionCallouts.cpp; ClassifyFunctions_BasicActionCallouts.cpp; ClassifyFunctions_BasicPacketExaminationCallouts.cpp; ClassifyFunctions_BasicPacketInjectionCallouts.cpp; ClassifyFunctions_BasicPacketModificationCallouts.cpp; ClassifyFunctions_BasicStreamInjectionCallouts.cpp; ClassifyFunctions_FastPacketInjectionCallouts.cpp; ClassifyFunctions_FastStreamInjectionCallouts.cpp; ClassifyFunctions_FlowAssociationCallouts.cpp; ClassifyFunctions_PendAuthorizationCallouts.cpp; ClassifyFunctions_PendEndpointClosureCallouts.cpp; ClassifyFunctions_ProxyCallouts.cpp; CompletionFunctions_AdvancedPacketInjectionCallouts.cpp; CompletionFunctions_BasicPacketInjectionCallouts.cpp; CompletionFunctions_BasicPacketModificationCallouts.cpp; CompletionFunctions_BasicStreamInjectionCallouts.cpp; CompletionFunctions_FastPacketInjectionCallouts.cpp; CompletionFunctions_FastStreamInjectionCallouts.cpp; CompletionFunctions_PendAuthorizationCallouts.cpp; CompletionFunctions_ProxyCallouts.cpp; Framework_WFPSamplerCalloutDriver.cpp; Framework_Events.cpp; Framework_PowerStates.cpp; HelperFunctions_ExposedCallouts.cpp; NotifyFunctions_AdvancedCallouts.cpp; NotifyFunctions_BasicCallouts.cpp; NotifyFunctions_FastCallouts.cpp; NotifyFunctions_FlowDelete.cpp; NotifyFunctions_PendCallouts.cpp; NotifyFunctions_ProxyCallouts.cpp; SubscriptionFunctions_BFEState.cpp">
      <Filter>Source Files</Filter>
    </ClCompile>
    <ClCompile Include="ClassifyFunctions_AdvancedPacketInjectionCallouts.cpp; ClassifyFunctions_BasicActionCallouts.cpp; ClassifyFunctions_BasicPacketExaminationCallouts.cpp; ClassifyFunctions_BasicPacketInjectionCallouts.cpp; ClassifyFunctions_BasicPacketModificationCallouts.cpp; ClassifyFunctions_BasicStreamInjectionCallouts.cpp; ClassifyFunctions_FastPacketInjectionCallouts.cpp; ClassifyFunctions_FastStreamInjectionCallouts.cpp; ClassifyFunctions_FlowAssociationCallouts.cpp; ClassifyFunctions_PendAuthorizationCallouts.cpp; ClassifyFunctions_PendEndpointClosureCallouts.cpp; ClassifyFunctions_ProxyCallouts.cpp; CompletionFunctions_AdvancedPacketInjectionCallouts.cpp; CompletionFunctions_BasicPacketInjectionCallouts.cpp; CompletionFunctions_BasicPacketModificationCallouts.cpp; CompletionFunctions_BasicStreamInjectionCallouts.cpp; CompletionFunctions_FastPacketInjectionCallouts.cpp; CompletionFunctions_FastStreamInjectionCallouts.cpp; CompletionFunctions_PendAuthorizationCallouts.cpp; CompletionFunctions_ProxyCallouts.cpp; Framework_WFPSamplerCalloutDriver.cpp; Framework_Events.cpp; Framework_PowerStates.cpp; HelperFunctions_ExposedCallouts.cpp; NotifyFunctions_AdvancedCallouts.cpp; NotifyFunctions_BasicCallouts.cpp; NotifyFunctions_FastCallouts.cpp; NotifyFunctions_FlowDelete.cpp; NotifyFunctions_PendCallouts.cpp; NotifyFunctions_ProxyCallouts.cpp; SubscriptionFunctions_BFEState.cpp">
      <Filter>Source Files</Filter>
    </ClCompile>
    <ClCompile Include="ClassifyFunctions_AdvancedPacketInjectionCallouts.cpp; ClassifyFunctions_BasicActionCallouts.cpp; ClassifyFunctions_BasicPacketExaminationCallouts.cpp; ClassifyFunctions_BasicPacketInjectionCallouts.cpp; ClassifyFunctions_BasicPacketModificationCallouts.cpp; ClassifyFunctions_BasicStreamInjectionCallouts.cpp; ClassifyFunctions_FastPacketInjectionCallouts.cpp; ClassifyFunctions_FastStreamInjectionCallouts.cpp; ClassifyFunctions_FlowAssociationCallouts.cpp; ClassifyFunctions_PendAuthorizationCallouts.cpp; ClassifyFunctions_PendEndpointClosureCallouts.cpp; ClassifyFunctions_ProxyCallouts.cpp; CompletionFunctions_AdvancedPacketInjectionCallouts.cpp; CompletionFunctions_BasicPacketInjectionCallouts.cpp; CompletionFunctions_BasicPacketModificationCallouts.cpp; CompletionFunctions_BasicStreamInjectionCallouts.cpp; CompletionFunctions_FastPacketInjectionCallouts.cpp; CompletionFunctions_FastStreamInjectionCallouts.cpp; CompletionFunctions_PendAuthorizationCallouts.cpp; CompletionFunctions_ProxyCallouts.cpp; Framework_WFPSamplerCalloutDriver.cpp; Framework_Events.cpp; Framework_PowerStates.cpp; HelperFunctions_ExposedCallouts.cpp; NotifyFunctions_AdvancedCallouts.cpp; NotifyFunctions_BasicCallouts.cpp; NotifyFunctions_FastCallouts.cpp; NotifyFunctions_FlowDelete.cpp; NotifyFunctions_PendCallouts.cpp; NotifyFunctions_ProxyCallouts.cpp; SubscriptionFunctions_BFEState.cpp">
      <Filter>Source Files</Filter>
    </ClCompile>
  </ItemGroup>
  <ItemGroup>
    <Inf Include=".\WFPSamplerCalloutDriver.inx">
      <Filter>Driver Files</Filter>
    </Inf>
  </ItemGroup>
  <ItemGroup>
    <ResourceCompile Include="Framework_WFPSamplerCalloutDriver.rc">
      <Filter>Resource Files</Filter>
    </ResourceCompile>
  </ItemGroup>
  <ItemGroup>
    <ClInclude Include="*.h;*.hpp;*.hxx;*.hm;*.inl;*.xsd">
      <Filter>Header Files</Filter>
    </ClInclude>
    <ClInclude Include="*.h;*.hpp;*.hxx;*.hm;*.inl;*.xsd">
      <Filter>Header Files</Filter>
    </ClInclude>
    <ClInclude Include="*.h;*.hpp;*.hxx;*.hm;*.inl;*.xsd">
      <Filter>Header Files</Filter>
    </ClInclude>
    <ClInclude Include="*.h;*.hpp;*.hxx;*.hm;*.inl;*.xsd">
      <Filter>Header Files</Filter>
    </ClInclude>
    <ClInclude Include="*.h;*.hpp;*.hxx;*.hm;*.inl;*.xsd">
      <Filter>Header Files</Filter>
    </ClInclude>
    <ClInclude Include="*.h;*.hpp;*.hxx;*.hm;*.inl;*.xsd">
      <Filter>Header Files</Filter>
    </ClInclude>
    <ClInclude Include="*.h;*.hpp;*.hxx;*.hm;*.inl;*.xsd">
      <Filter>Header Files</Filter>
    </ClInclude>
    <ClInclude Include="*.h;*.hpp;*.hxx;*.hm;*.inl;*.xsd">
      <Filter>Header Files</Filter>
    </ClInclude>
    <ClInclude Include="*.h;*.hpp;*.hxx;*.hm;*.inl;*.xsd">
      <Filter>Header Files</Filter>
    </ClInclude>
    <ClInclude Include="*.h;*.hpp;*.hxx;*.hm;*.inl;*.xsd">
      <Filter>Header Files</Filter>
    </ClInclude>
    <ClInclude Include="*.h;*.hpp;*.hxx;*.hm;*.inl;*.xsd">
      <Filter>Header Files</Filter>
    </ClInclude>
    <ClInclude Include="*.h;*.hpp;*.hxx;*.hm;*.inl;*.xsd">
      <Filter>Header Files</Filter>
    </ClInclude>
    <ClInclude Include="*.h;*.hpp;*.hxx;*.hm;*.inl;*.xsd">
      <Filter>Header Files</Filter>
    </ClInclude>
    <ClInclude Include="*.h;*.hpp;*.hxx;*.hm;*.inl;*.xsd">
      <Filter>Header Files</Filter>
    </ClInclude>
    <ClInclude Include="*.h;*.hpp;*.hxx;*.hm;*.inl;*.xsd">
      <Filter>Header Files</Filter>
    </ClInclude>
    <ClInclude Include="*.h;*.hpp;*.hxx;*.hm;*.inl;*.xsd">
      <Filter>Header Files</Filter>
    </ClInclude>
    <ClInclude Include="*.h;*.hpp;*.hxx;*.hm;*.inl;*.xsd">
      <Filter>Header Files</Filter>
    </ClInclude>
    <ClInclude Include="*.h;*.hpp;*.hxx;*.hm;*.inl;*.xsd">
      <Filter>Header Files</Filter>
    </ClInclude>
    <ClInclude Include="*.h;*.hpp;*.hxx;*.hm;*.inl;*.xsd">
      <Filter>Header Files</Filter>
    </ClInclude>
    <ClInclude Include="*.h;*.hpp;*.hxx;*.hm;*.inl;*.xsd">
      <Filter>Header Files</Filter>
    </ClInclude>
    <ClInclude Include="*.h;*.hpp;*.hxx;*.hm;*.inl;*.xsd">
      <Filter>Header Files</Filter>
    </ClInclude>
    <ClInclude Include="*.h;*.hpp;*.hxx;*.hm;*.inl;*.xsd">
      <Filter>Header Files</Filter>
    </ClInclude>
    <ClInclude Include="*.h;*.hpp;*.hxx;*.hm;*.inl;*.xsd">
      <Filter>Header Files</Filter>
    </ClInclude>
    <ClInclude Include="*.h;*.hpp;*.hxx;*.hm;*.inl;*.xsd">
      <Filter>Header Files</Filter>
    </ClInclude>
    <ClInclude Include="*.h;*.hpp;*.hxx;*.hm;*.inl;*.xsd">
      <Filter>Header Files</Filter>
    </ClInclude>
    <ClInclude Include="*.h;*.hpp;*.hxx;*.hm;*.inl;*.xsd">
      <Filter>Header Files</Filter>
    </ClInclude>
    <ClInclude Include="*.h;*.hpp;*.hxx;*.hm;*.inl;*.xsd">
      <Filter>Header Files</Filter>
    </ClInclude>
    <ClInclude Include="*.h;*.hpp;*.hxx;*.hm;*.inl;*.xsd">
      <Filter>Header Files</Filter>
    </ClInclude>
    <ClInclude Include="*.h;*.hpp;*.hxx;*.hm;*.inl;*.xsd">
      <Filter>Header Files</Filter>
    </ClInclude>
    <ClInclude Include="*.h;*.hpp;*.hxx;*.hm;*.inl;*.xsd">
      <Filter>Header Files</Filter>
    </ClInclude>
    <ClInclude Include="*.h;*.hpp;*.hxx;*.hm;*.inl;*.xsd">
      <Filter>Header Files</Filter>
    </ClInclude>
    <ClInclude Include="*.h;*.hpp;*.hxx;*.hm;*.inl;*.xsd">
      <Filter>Header Files</Filter>
    </ClInclude>
    <ClInclude Include="*.h;*.hpp;*.hxx;*.hm;*.inl;*.xsd">
      <Filter>Header Files</Filter>
    </ClInclude>
    <ClInclude Include="*.h;*.hpp;*.hxx;*.hm;*.inl;*.xsd">
      <Filter>Header Files</Filter>
    </ClInclude>
    <ClInclude Include="*.h;*.hpp;*.hxx;*.hm;*.inl;*.xsd">
      <Filter>Header Files</Filter>
    </ClInclude>
    <ClInclude Include="*.h;*.hpp;*.hxx;*.hm;*.inl;*.xsd">
      <Filter>Header Files</Filter>
    </ClInclude>
  </ItemGroup>
</Project>